// !$*UTF8*$!
{
	archiveVersion = 1;
	classes = {
	};
	objectVersion = 56;
	objects = {

/* Begin PBXBuildFile section */
		1A2A19D3297B9F9000B0FF9A /* MessageModel.swift in Sources */ = {isa = PBXBuildFile; fileRef = 1A2A19D2297B9F9000B0FF9A /* MessageModel.swift */; };
		1A2A19D7297B9FC500B0FF9A /* ModelResponse.swift in Sources */ = {isa = PBXBuildFile; fileRef = 1A2A19D6297B9FC500B0FF9A /* ModelResponse.swift */; };
		1A2A19D9297B9FCE00B0FF9A /* ModelChoice.swift in Sources */ = {isa = PBXBuildFile; fileRef = 1A2A19D8297B9FCE00B0FF9A /* ModelChoice.swift */; };
		1A2A19DC297BAE2700B0FF9A /* ChatIconView.swift in Sources */ = {isa = PBXBuildFile; fileRef = 1A2A19DB297BAE2700B0FF9A /* ChatIconView.swift */; };
		1A2A19DE297BAE8800B0FF9A /* FirstMessageView.swift in Sources */ = {isa = PBXBuildFile; fileRef = 1A2A19DD297BAE8800B0FF9A /* FirstMessageView.swift */; };
		1A3AC3B9297C02EB00C05E9C /* RoundedCorners.swift in Sources */ = {isa = PBXBuildFile; fileRef = 1A3AC3B8297C02EB00C05E9C /* RoundedCorners.swift */; };
		1A7E9EFE297C20720083CFEB /* Extensions.swift in Sources */ = {isa = PBXBuildFile; fileRef = 1A7E9EFD297C20720083CFEB /* Extensions.swift */; };
		1AC09499297AC64400022EF3 /* ChatAIApp.swift in Sources */ = {isa = PBXBuildFile; fileRef = 1AC09498297AC64400022EF3 /* ChatAIApp.swift */; };
		1AC0949D297AC64600022EF3 /* Assets.xcassets in Resources */ = {isa = PBXBuildFile; fileRef = 1AC0949C297AC64600022EF3 /* Assets.xcassets */; };
		1AC094A0297AC64600022EF3 /* Preview Assets.xcassets in Resources */ = {isa = PBXBuildFile; fileRef = 1AC0949F297AC64600022EF3 /* Preview Assets.xcassets */; };
		1AC094A7297AC6A200022EF3 /* Constants.swift in Sources */ = {isa = PBXBuildFile; fileRef = 1AC094A6297AC6A200022EF3 /* Constants.swift */; };
		1AC094AA297AC93600022EF3 /* Alamofire in Frameworks */ = {isa = PBXBuildFile; productRef = 1AC094A9297AC93600022EF3 /* Alamofire */; };
		1AC094B0297AD62A00022EF3 /* ApiServiceManager.swift in Sources */ = {isa = PBXBuildFile; fileRef = 1AC094AF297AD62A00022EF3 /* ApiServiceManager.swift */; };
		1AC094B3297AD65200022EF3 /* Model.swift in Sources */ = {isa = PBXBuildFile; fileRef = 1AC094B2297AD65200022EF3 /* Model.swift */; };
		1AC094B5297AD72700022EF3 /* HomeView.swift in Sources */ = {isa = PBXBuildFile; fileRef = 1AC094B4297AD72700022EF3 /* HomeView.swift */; };
		A61FCC7E29D0CE4100BADCC1 /* GoogleService-Info.plist in Resources */ = {isa = PBXBuildFile; fileRef = A61FCC7D29D0CE4100BADCC1 /* GoogleService-Info.plist */; };
		A66389EC29A7C7500028BD58 /* ProfileView.swift in Sources */ = {isa = PBXBuildFile; fileRef = A66389EB29A7C7500028BD58 /* ProfileView.swift */; };
		A66389EE29A7D6BD0028BD58 /* CaptionGenerator.swift in Sources */ = {isa = PBXBuildFile; fileRef = A66389ED29A7D6BD0028BD58 /* CaptionGenerator.swift */; };
		A6A4831C29A5671A00061BF9 /* SignupView.swift in Sources */ = {isa = PBXBuildFile; fileRef = A6A4831B29A5671A00061BF9 /* SignupView.swift */; };
		A6A4831E29A5873D00061BF9 /* BrandInfoView.swift in Sources */ = {isa = PBXBuildFile; fileRef = A6A4831D29A5873D00061BF9 /* BrandInfoView.swift */; };
		A6A4832029A58B4F00061BF9 /* GoalInfoView.swift in Sources */ = {isa = PBXBuildFile; fileRef = A6A4831F29A58B4F00061BF9 /* GoalInfoView.swift */; };
		A6A4832229A58C6A00061BF9 /* CustomerInfoView.swift in Sources */ = {isa = PBXBuildFile; fileRef = A6A4832129A58C6A00061BF9 /* CustomerInfoView.swift */; };
		A6A4832429A58E7200061BF9 /* CustomerNeedsView.swift in Sources */ = {isa = PBXBuildFile; fileRef = A6A4832329A58E7200061BF9 /* CustomerNeedsView.swift */; };
		A6A4832629A58FE200061BF9 /* CreativeDirectionView.swift in Sources */ = {isa = PBXBuildFile; fileRef = A6A4832529A58FE200061BF9 /* CreativeDirectionView.swift */; };
		A6B3256829A52D82005D2796 /* LoginView.swift in Sources */ = {isa = PBXBuildFile; fileRef = A6B3256729A52D82005D2796 /* LoginView.swift */; };
		A6B3256B29A52F43005D2796 /* FirebaseAuth in Frameworks */ = {isa = PBXBuildFile; productRef = A6B3256A29A52F43005D2796 /* FirebaseAuth */; };
		A6B3256D29A52F43005D2796 /* FirebaseFirestore in Frameworks */ = {isa = PBXBuildFile; productRef = A6B3256C29A52F43005D2796 /* FirebaseFirestore */; };
		A6B3257129A54416005D2796 /* SplashView.swift in Sources */ = {isa = PBXBuildFile; fileRef = A6B3257029A54416005D2796 /* SplashView.swift */; };
		A6BFE29529C3B5C800446F69 /* RoundedTextField.swift in Sources */ = {isa = PBXBuildFile; fileRef = A6BFE29429C3B5C800446F69 /* RoundedTextField.swift */; };
		A6BFE29729C3B82800446F69 /* WalkthroughView.swift in Sources */ = {isa = PBXBuildFile; fileRef = A6BFE29629C3B82800446F69 /* WalkthroughView.swift */; };
		A6BFE29929C3B89500446F69 /* ProfileandHomePageView.swift in Sources */ = {isa = PBXBuildFile; fileRef = A6BFE29829C3B89500446F69 /* ProfileandHomePageView.swift */; };
		A6BFE29B29C3B91300446F69 /* HomePageView.swift in Sources */ = {isa = PBXBuildFile; fileRef = A6BFE29A29C3B91300446F69 /* HomePageView.swift */; };
		A6FFBC9129A742580082B2C1 /* BriefGenerator.swift in Sources */ = {isa = PBXBuildFile; fileRef = A6FFBC9029A742580082B2C1 /* BriefGenerator.swift */; };
/* End PBXBuildFile section */

/* Begin PBXFileReference section */
		1A2A19D2297B9F9000B0FF9A /* MessageModel.swift */ = {isa = PBXFileReference; lastKnownFileType = sourcecode.swift; path = MessageModel.swift; sourceTree = "<group>"; };
		1A2A19D6297B9FC500B0FF9A /* ModelResponse.swift */ = {isa = PBXFileReference; lastKnownFileType = sourcecode.swift; path = ModelResponse.swift; sourceTree = "<group>"; };
		1A2A19D8297B9FCE00B0FF9A /* ModelChoice.swift */ = {isa = PBXFileReference; lastKnownFileType = sourcecode.swift; path = ModelChoice.swift; sourceTree = "<group>"; };
		1A2A19DB297BAE2700B0FF9A /* ChatIconView.swift */ = {isa = PBXFileReference; lastKnownFileType = sourcecode.swift; path = ChatIconView.swift; sourceTree = "<group>"; };
		1A2A19DD297BAE8800B0FF9A /* FirstMessageView.swift */ = {isa = PBXFileReference; lastKnownFileType = sourcecode.swift; path = FirstMessageView.swift; sourceTree = "<group>"; };
		1A3AC3B8297C02EB00C05E9C /* RoundedCorners.swift */ = {isa = PBXFileReference; lastKnownFileType = sourcecode.swift; path = RoundedCorners.swift; sourceTree = "<group>"; };
		1A7E9EFD297C20720083CFEB /* Extensions.swift */ = {isa = PBXFileReference; lastKnownFileType = sourcecode.swift; path = Extensions.swift; sourceTree = "<group>"; };
		1AC09495297AC64400022EF3 /* ChatAI.app */ = {isa = PBXFileReference; explicitFileType = wrapper.application; includeInIndex = 0; path = ChatAI.app; sourceTree = BUILT_PRODUCTS_DIR; };
		1AC09498297AC64400022EF3 /* ChatAIApp.swift */ = {isa = PBXFileReference; lastKnownFileType = sourcecode.swift; path = ChatAIApp.swift; sourceTree = "<group>"; };
		1AC0949C297AC64600022EF3 /* Assets.xcassets */ = {isa = PBXFileReference; lastKnownFileType = folder.assetcatalog; path = Assets.xcassets; sourceTree = "<group>"; };
		1AC0949F297AC64600022EF3 /* Preview Assets.xcassets */ = {isa = PBXFileReference; lastKnownFileType = folder.assetcatalog; path = "Preview Assets.xcassets"; sourceTree = "<group>"; };
		1AC094A6297AC6A200022EF3 /* Constants.swift */ = {isa = PBXFileReference; lastKnownFileType = sourcecode.swift; path = Constants.swift; sourceTree = "<group>"; };
		1AC094AF297AD62A00022EF3 /* ApiServiceManager.swift */ = {isa = PBXFileReference; lastKnownFileType = sourcecode.swift; path = ApiServiceManager.swift; sourceTree = "<group>"; };
		1AC094B2297AD65200022EF3 /* Model.swift */ = {isa = PBXFileReference; lastKnownFileType = sourcecode.swift; path = Model.swift; sourceTree = "<group>"; };
		1AC094B4297AD72700022EF3 /* HomeView.swift */ = {isa = PBXFileReference; lastKnownFileType = sourcecode.swift; path = HomeView.swift; sourceTree = "<group>"; };
		A61FCC7D29D0CE4100BADCC1 /* GoogleService-Info.plist */ = {isa = PBXFileReference; fileEncoding = 4; lastKnownFileType = text.plist.xml; path = "GoogleService-Info.plist"; sourceTree = "<group>"; };
		A66389EB29A7C7500028BD58 /* ProfileView.swift */ = {isa = PBXFileReference; lastKnownFileType = sourcecode.swift; path = ProfileView.swift; sourceTree = "<group>"; };
		A66389ED29A7D6BD0028BD58 /* CaptionGenerator.swift */ = {isa = PBXFileReference; lastKnownFileType = sourcecode.swift; path = CaptionGenerator.swift; sourceTree = "<group>"; };
		A6A4831B29A5671A00061BF9 /* SignupView.swift */ = {isa = PBXFileReference; lastKnownFileType = sourcecode.swift; path = SignupView.swift; sourceTree = "<group>"; };
		A6A4831D29A5873D00061BF9 /* BrandInfoView.swift */ = {isa = PBXFileReference; lastKnownFileType = sourcecode.swift; path = BrandInfoView.swift; sourceTree = "<group>"; };
		A6A4831F29A58B4F00061BF9 /* GoalInfoView.swift */ = {isa = PBXFileReference; lastKnownFileType = sourcecode.swift; path = GoalInfoView.swift; sourceTree = "<group>"; };
		A6A4832129A58C6A00061BF9 /* CustomerInfoView.swift */ = {isa = PBXFileReference; lastKnownFileType = sourcecode.swift; path = CustomerInfoView.swift; sourceTree = "<group>"; };
		A6A4832329A58E7200061BF9 /* CustomerNeedsView.swift */ = {isa = PBXFileReference; lastKnownFileType = sourcecode.swift; path = CustomerNeedsView.swift; sourceTree = "<group>"; };
		A6A4832529A58FE200061BF9 /* CreativeDirectionView.swift */ = {isa = PBXFileReference; lastKnownFileType = sourcecode.swift; path = CreativeDirectionView.swift; sourceTree = "<group>"; };
		A6B3256729A52D82005D2796 /* LoginView.swift */ = {isa = PBXFileReference; lastKnownFileType = sourcecode.swift; path = LoginView.swift; sourceTree = "<group>"; };
		A6B3257029A54416005D2796 /* SplashView.swift */ = {isa = PBXFileReference; lastKnownFileType = sourcecode.swift; path = SplashView.swift; sourceTree = "<group>"; };
		A6BFE29429C3B5C800446F69 /* RoundedTextField.swift */ = {isa = PBXFileReference; lastKnownFileType = sourcecode.swift; path = RoundedTextField.swift; sourceTree = "<group>"; };
		A6BFE29629C3B82800446F69 /* WalkthroughView.swift */ = {isa = PBXFileReference; lastKnownFileType = sourcecode.swift; path = WalkthroughView.swift; sourceTree = "<group>"; };
		A6BFE29829C3B89500446F69 /* ProfileandHomePageView.swift */ = {isa = PBXFileReference; lastKnownFileType = sourcecode.swift; path = ProfileandHomePageView.swift; sourceTree = "<group>"; };
		A6BFE29A29C3B91300446F69 /* HomePageView.swift */ = {isa = PBXFileReference; lastKnownFileType = sourcecode.swift; path = HomePageView.swift; sourceTree = "<group>"; };
		A6FFBC9029A742580082B2C1 /* BriefGenerator.swift */ = {isa = PBXFileReference; lastKnownFileType = sourcecode.swift; path = BriefGenerator.swift; sourceTree = "<group>"; };
/* End PBXFileReference section */

/* Begin PBXFrameworksBuildPhase section */
		1AC09492297AC64400022EF3 /* Frameworks */ = {
			isa = PBXFrameworksBuildPhase;
			buildActionMask = 2147483647;
			files = (
				1AC094AA297AC93600022EF3 /* Alamofire in Frameworks */,
				A6B3256B29A52F43005D2796 /* FirebaseAuth in Frameworks */,
				A6B3256D29A52F43005D2796 /* FirebaseFirestore in Frameworks */,
			);
			runOnlyForDeploymentPostprocessing = 0;
		};
/* End PBXFrameworksBuildPhase section */

/* Begin PBXGroup section */
		1A7E9EFF297C20B30083CFEB /* Helper */ = {
			isa = PBXGroup;
			children = (
				1A7E9F02297C20D10083CFEB /* Constants */,
				1A7E9F01297C20C30083CFEB /* Extension */,
				1A7E9F00297C20B90083CFEB /* ViewHelper */,
			);
			path = Helper;
			sourceTree = "<group>";
		};
		1A7E9F00297C20B90083CFEB /* ViewHelper */ = {
			isa = PBXGroup;
			children = (
				1A2A19DB297BAE2700B0FF9A /* ChatIconView.swift */,
				1A3AC3B8297C02EB00C05E9C /* RoundedCorners.swift */,
			);
			path = ViewHelper;
			sourceTree = "<group>";
		};
		1A7E9F01297C20C30083CFEB /* Extension */ = {
			isa = PBXGroup;
			children = (
				1A7E9EFD297C20720083CFEB /* Extensions.swift */,
			);
			path = Extension;
			sourceTree = "<group>";
		};
		1A7E9F02297C20D10083CFEB /* Constants */ = {
			isa = PBXGroup;
			children = (
				1AC094A6297AC6A200022EF3 /* Constants.swift */,
			);
			path = Constants;
			sourceTree = "<group>";
		};
		1AC0948C297AC64400022EF3 = {
			isa = PBXGroup;
			children = (
				1AC09497297AC64400022EF3 /* ChatAI */,
				1AC09496297AC64400022EF3 /* Products */,
			);
			sourceTree = "<group>";
		};
		1AC09496297AC64400022EF3 /* Products */ = {
			isa = PBXGroup;
			children = (
				1AC09495297AC64400022EF3 /* ChatAI.app */,
			);
			name = Products;
			sourceTree = "<group>";
		};
		1AC09497297AC64400022EF3 /* ChatAI */ = {
			isa = PBXGroup;
			children = (
				1AC094AE297AD60600022EF3 /* Application */,
				1AC094B1297AD64500022EF3 /* Model */,
				1AC094AD297AD60000022EF3 /* View */,
				1AC094AB297AD5DA00022EF3 /* ServiceManager */,
				1A7E9EFF297C20B30083CFEB /* Helper */,
				1AC0949E297AC64600022EF3 /* Preview Content */,
			);
			path = ChatAI;
			sourceTree = "<group>";
		};
		1AC0949E297AC64600022EF3 /* Preview Content */ = {
			isa = PBXGroup;
			children = (
				1AC0949F297AC64600022EF3 /* Preview Assets.xcassets */,
			);
			path = "Preview Content";
			sourceTree = "<group>";
		};
		1AC094AB297AD5DA00022EF3 /* ServiceManager */ = {
			isa = PBXGroup;
			children = (
				1AC094AF297AD62A00022EF3 /* ApiServiceManager.swift */,
			);
			path = ServiceManager;
			sourceTree = "<group>";
		};
		1AC094AD297AD60000022EF3 /* View */ = {
			isa = PBXGroup;
			children = (
				A6B3257029A54416005D2796 /* SplashView.swift */,
				A6BFE29429C3B5C800446F69 /* RoundedTextField.swift */,
				A6B3256729A52D82005D2796 /* LoginView.swift */,
				A6A4831B29A5671A00061BF9 /* SignupView.swift */,
				1AC094B4297AD72700022EF3 /* HomeView.swift */,
				A6A4831D29A5873D00061BF9 /* BrandInfoView.swift */,
				A6A4831F29A58B4F00061BF9 /* GoalInfoView.swift */,
				A6A4832129A58C6A00061BF9 /* CustomerInfoView.swift */,
				1A2A19DD297BAE8800B0FF9A /* FirstMessageView.swift */,
				A6A4832329A58E7200061BF9 /* CustomerNeedsView.swift */,
				A6A4832529A58FE200061BF9 /* CreativeDirectionView.swift */,
				A66389EB29A7C7500028BD58 /* ProfileView.swift */,
				A6BFE29629C3B82800446F69 /* WalkthroughView.swift */,
				A6BFE29829C3B89500446F69 /* ProfileandHomePageView.swift */,
				A6BFE29A29C3B91300446F69 /* HomePageView.swift */,
			);
			path = View;
			sourceTree = "<group>";
		};
		1AC094AE297AD60600022EF3 /* Application */ = {
			isa = PBXGroup;
			children = (
				1AC09498297AC64400022EF3 /* ChatAIApp.swift */,
				1AC0949C297AC64600022EF3 /* Assets.xcassets */,
				A61FCC7D29D0CE4100BADCC1 /* GoogleService-Info.plist */,
			);
			path = Application;
			sourceTree = "<group>";
		};
		1AC094B1297AD64500022EF3 /* Model */ = {
			isa = PBXGroup;
			children = (
				1AC094B2297AD65200022EF3 /* Model.swift */,
				1A2A19D6297B9FC500B0FF9A /* ModelResponse.swift */,
				1A2A19D8297B9FCE00B0FF9A /* ModelChoice.swift */,
				1A2A19D2297B9F9000B0FF9A /* MessageModel.swift */,
				A6FFBC9029A742580082B2C1 /* BriefGenerator.swift */,
				A66389ED29A7D6BD0028BD58 /* CaptionGenerator.swift */,
			);
			path = Model;
			sourceTree = "<group>";
		};
/* End PBXGroup section */

/* Begin PBXNativeTarget section */
		1AC09494297AC64400022EF3 /* ChatAI */ = {
			isa = PBXNativeTarget;
			buildConfigurationList = 1AC094A3297AC64600022EF3 /* Build configuration list for PBXNativeTarget "ChatAI" */;
			buildPhases = (
				1AC09491297AC64400022EF3 /* Sources */,
				1AC09492297AC64400022EF3 /* Frameworks */,
				1AC09493297AC64400022EF3 /* Resources */,
			);
			buildRules = (
			);
			dependencies = (
			);
			name = ChatAI;
			packageProductDependencies = (
				1AC094A9297AC93600022EF3 /* Alamofire */,
				A6B3256A29A52F43005D2796 /* FirebaseAuth */,
				A6B3256C29A52F43005D2796 /* FirebaseFirestore */,
			);
			productName = ChatAI;
			productReference = 1AC09495297AC64400022EF3 /* ChatAI.app */;
			productType = "com.apple.product-type.application";
		};
/* End PBXNativeTarget section */

/* Begin PBXProject section */
		1AC0948D297AC64400022EF3 /* Project object */ = {
			isa = PBXProject;
			attributes = {
				BuildIndependentTargetsInParallel = 1;
				LastSwiftUpdateCheck = 1420;
				LastUpgradeCheck = 1420;
				TargetAttributes = {
					1AC09494297AC64400022EF3 = {
						CreatedOnToolsVersion = 14.2;
					};
				};
			};
			buildConfigurationList = 1AC09490297AC64400022EF3 /* Build configuration list for PBXProject "ChatAI" */;
			compatibilityVersion = "Xcode 14.0";
			developmentRegion = en;
			hasScannedForEncodings = 0;
			knownRegions = (
				en,
				Base,
			);
			mainGroup = 1AC0948C297AC64400022EF3;
			packageReferences = (
				1AC094A8297AC93600022EF3 /* XCRemoteSwiftPackageReference "Alamofire" */,
				A6B3256929A52F43005D2796 /* XCRemoteSwiftPackageReference "firebase-ios-sdk" */,
			);
			productRefGroup = 1AC09496297AC64400022EF3 /* Products */;
			projectDirPath = "";
			projectRoot = "";
			targets = (
				1AC09494297AC64400022EF3 /* ChatAI */,
			);
		};
/* End PBXProject section */

/* Begin PBXResourcesBuildPhase section */
		1AC09493297AC64400022EF3 /* Resources */ = {
			isa = PBXResourcesBuildPhase;
			buildActionMask = 2147483647;
			files = (
				1AC094A0297AC64600022EF3 /* Preview Assets.xcassets in Resources */,
				1AC0949D297AC64600022EF3 /* Assets.xcassets in Resources */,
				A61FCC7E29D0CE4100BADCC1 /* GoogleService-Info.plist in Resources */,
			);
			runOnlyForDeploymentPostprocessing = 0;
		};
/* End PBXResourcesBuildPhase section */

/* Begin PBXSourcesBuildPhase section */
		1AC09491297AC64400022EF3 /* Sources */ = {
			isa = PBXSourcesBuildPhase;
			buildActionMask = 2147483647;
			files = (
				1A2A19DE297BAE8800B0FF9A /* FirstMessageView.swift in Sources */,
				A6A4832229A58C6A00061BF9 /* CustomerInfoView.swift in Sources */,
				A6A4832029A58B4F00061BF9 /* GoalInfoView.swift in Sources */,
				A66389EE29A7D6BD0028BD58 /* CaptionGenerator.swift in Sources */,
				1AC094B0297AD62A00022EF3 /* ApiServiceManager.swift in Sources */,
				A6FFBC9129A742580082B2C1 /* BriefGenerator.swift in Sources */,
				A6B3257129A54416005D2796 /* SplashView.swift in Sources */,
				A6BFE29B29C3B91300446F69 /* HomePageView.swift in Sources */,
				A6A4831E29A5873D00061BF9 /* BrandInfoView.swift in Sources */,
				A6BFE29729C3B82800446F69 /* WalkthroughView.swift in Sources */,
				A6A4832629A58FE200061BF9 /* CreativeDirectionView.swift in Sources */,
				1A2A19D3297B9F9000B0FF9A /* MessageModel.swift in Sources */,
				1A3AC3B9297C02EB00C05E9C /* RoundedCorners.swift in Sources */,
				A6BFE29929C3B89500446F69 /* ProfileandHomePageView.swift in Sources */,
				1A2A19D9297B9FCE00B0FF9A /* ModelChoice.swift in Sources */,
				1AC09499297AC64400022EF3 /* ChatAIApp.swift in Sources */,
				A6A4832429A58E7200061BF9 /* CustomerNeedsView.swift in Sources */,
				1A2A19DC297BAE2700B0FF9A /* ChatIconView.swift in Sources */,
				1A7E9EFE297C20720083CFEB /* Extensions.swift in Sources */,
				1AC094B5297AD72700022EF3 /* HomeView.swift in Sources */,
				1AC094A7297AC6A200022EF3 /* Constants.swift in Sources */,
				A66389EC29A7C7500028BD58 /* ProfileView.swift in Sources */,
				A6BFE29529C3B5C800446F69 /* RoundedTextField.swift in Sources */,
				A6B3256829A52D82005D2796 /* LoginView.swift in Sources */,
				A6A4831C29A5671A00061BF9 /* SignupView.swift in Sources */,
				1A2A19D7297B9FC500B0FF9A /* ModelResponse.swift in Sources */,
				1AC094B3297AD65200022EF3 /* Model.swift in Sources */,
			);
			runOnlyForDeploymentPostprocessing = 0;
		};
/* End PBXSourcesBuildPhase section */

/* Begin XCBuildConfiguration section */
		1AC094A1297AC64600022EF3 /* Debug */ = {
			isa = XCBuildConfiguration;
			buildSettings = {
				ALWAYS_SEARCH_USER_PATHS = NO;
				CLANG_ANALYZER_NONNULL = YES;
				CLANG_ANALYZER_NUMBER_OBJECT_CONVERSION = YES_AGGRESSIVE;
				CLANG_CXX_LANGUAGE_STANDARD = "gnu++20";
				CLANG_ENABLE_MODULES = YES;
				CLANG_ENABLE_OBJC_ARC = YES;
				CLANG_ENABLE_OBJC_WEAK = YES;
				CLANG_WARN_BLOCK_CAPTURE_AUTORELEASING = YES;
				CLANG_WARN_BOOL_CONVERSION = YES;
				CLANG_WARN_COMMA = YES;
				CLANG_WARN_CONSTANT_CONVERSION = YES;
				CLANG_WARN_DEPRECATED_OBJC_IMPLEMENTATIONS = YES;
				CLANG_WARN_DIRECT_OBJC_ISA_USAGE = YES_ERROR;
				CLANG_WARN_DOCUMENTATION_COMMENTS = YES;
				CLANG_WARN_EMPTY_BODY = YES;
				CLANG_WARN_ENUM_CONVERSION = YES;
				CLANG_WARN_INFINITE_RECURSION = YES;
				CLANG_WARN_INT_CONVERSION = YES;
				CLANG_WARN_NON_LITERAL_NULL_CONVERSION = YES;
				CLANG_WARN_OBJC_IMPLICIT_RETAIN_SELF = YES;
				CLANG_WARN_OBJC_LITERAL_CONVERSION = YES;
				CLANG_WARN_OBJC_ROOT_CLASS = YES_ERROR;
				CLANG_WARN_QUOTED_INCLUDE_IN_FRAMEWORK_HEADER = YES;
				CLANG_WARN_RANGE_LOOP_ANALYSIS = YES;
				CLANG_WARN_STRICT_PROTOTYPES = YES;
				CLANG_WARN_SUSPICIOUS_MOVE = YES;
				CLANG_WARN_UNGUARDED_AVAILABILITY = YES_AGGRESSIVE;
				CLANG_WARN_UNREACHABLE_CODE = YES;
				CLANG_WARN__DUPLICATE_METHOD_MATCH = YES;
				COPY_PHASE_STRIP = NO;
				DEBUG_INFORMATION_FORMAT = dwarf;
				ENABLE_STRICT_OBJC_MSGSEND = YES;
				ENABLE_TESTABILITY = YES;
				GCC_C_LANGUAGE_STANDARD = gnu11;
				GCC_DYNAMIC_NO_PIC = NO;
				GCC_NO_COMMON_BLOCKS = YES;
				GCC_OPTIMIZATION_LEVEL = 0;
				GCC_PREPROCESSOR_DEFINITIONS = (
					"DEBUG=1",
					"$(inherited)",
				);
				GCC_WARN_64_TO_32_BIT_CONVERSION = YES;
				GCC_WARN_ABOUT_RETURN_TYPE = YES_ERROR;
				GCC_WARN_UNDECLARED_SELECTOR = YES;
				GCC_WARN_UNINITIALIZED_AUTOS = YES_AGGRESSIVE;
				GCC_WARN_UNUSED_FUNCTION = YES;
				GCC_WARN_UNUSED_VARIABLE = YES;
				IPHONEOS_DEPLOYMENT_TARGET = 16.2;
				MTL_ENABLE_DEBUG_INFO = INCLUDE_SOURCE;
				MTL_FAST_MATH = YES;
				ONLY_ACTIVE_ARCH = YES;
				SDKROOT = iphoneos;
				SWIFT_ACTIVE_COMPILATION_CONDITIONS = DEBUG;
				SWIFT_OPTIMIZATION_LEVEL = "-Onone";
			};
			name = Debug;
		};
		1AC094A2297AC64600022EF3 /* Release */ = {
			isa = XCBuildConfiguration;
			buildSettings = {
				ALWAYS_SEARCH_USER_PATHS = NO;
				CLANG_ANALYZER_NONNULL = YES;
				CLANG_ANALYZER_NUMBER_OBJECT_CONVERSION = YES_AGGRESSIVE;
				CLANG_CXX_LANGUAGE_STANDARD = "gnu++20";
				CLANG_ENABLE_MODULES = YES;
				CLANG_ENABLE_OBJC_ARC = YES;
				CLANG_ENABLE_OBJC_WEAK = YES;
				CLANG_WARN_BLOCK_CAPTURE_AUTORELEASING = YES;
				CLANG_WARN_BOOL_CONVERSION = YES;
				CLANG_WARN_COMMA = YES;
				CLANG_WARN_CONSTANT_CONVERSION = YES;
				CLANG_WARN_DEPRECATED_OBJC_IMPLEMENTATIONS = YES;
				CLANG_WARN_DIRECT_OBJC_ISA_USAGE = YES_ERROR;
				CLANG_WARN_DOCUMENTATION_COMMENTS = YES;
				CLANG_WARN_EMPTY_BODY = YES;
				CLANG_WARN_ENUM_CONVERSION = YES;
				CLANG_WARN_INFINITE_RECURSION = YES;
				CLANG_WARN_INT_CONVERSION = YES;
				CLANG_WARN_NON_LITERAL_NULL_CONVERSION = YES;
				CLANG_WARN_OBJC_IMPLICIT_RETAIN_SELF = YES;
				CLANG_WARN_OBJC_LITERAL_CONVERSION = YES;
				CLANG_WARN_OBJC_ROOT_CLASS = YES_ERROR;
				CLANG_WARN_QUOTED_INCLUDE_IN_FRAMEWORK_HEADER = YES;
				CLANG_WARN_RANGE_LOOP_ANALYSIS = YES;
				CLANG_WARN_STRICT_PROTOTYPES = YES;
				CLANG_WARN_SUSPICIOUS_MOVE = YES;
				CLANG_WARN_UNGUARDED_AVAILABILITY = YES_AGGRESSIVE;
				CLANG_WARN_UNREACHABLE_CODE = YES;
				CLANG_WARN__DUPLICATE_METHOD_MATCH = YES;
				COPY_PHASE_STRIP = NO;
				DEBUG_INFORMATION_FORMAT = "dwarf-with-dsym";
				ENABLE_NS_ASSERTIONS = NO;
				ENABLE_STRICT_OBJC_MSGSEND = YES;
				GCC_C_LANGUAGE_STANDARD = gnu11;
				GCC_NO_COMMON_BLOCKS = YES;
				GCC_WARN_64_TO_32_BIT_CONVERSION = YES;
				GCC_WARN_ABOUT_RETURN_TYPE = YES_ERROR;
				GCC_WARN_UNDECLARED_SELECTOR = YES;
				GCC_WARN_UNINITIALIZED_AUTOS = YES_AGGRESSIVE;
				GCC_WARN_UNUSED_FUNCTION = YES;
				GCC_WARN_UNUSED_VARIABLE = YES;
				IPHONEOS_DEPLOYMENT_TARGET = 16.2;
				MTL_ENABLE_DEBUG_INFO = NO;
				MTL_FAST_MATH = YES;
				SDKROOT = iphoneos;
				SWIFT_COMPILATION_MODE = wholemodule;
				SWIFT_OPTIMIZATION_LEVEL = "-O";
				VALIDATE_PRODUCT = YES;
			};
			name = Release;
		};
		1AC094A4297AC64600022EF3 /* Debug */ = {
			isa = XCBuildConfiguration;
			buildSettings = {
				ASSETCATALOG_COMPILER_APPICON_NAME = AppIcon;
				ASSETCATALOG_COMPILER_GLOBAL_ACCENT_COLOR_NAME = AccentColor;
				CODE_SIGN_STYLE = Automatic;
				CURRENT_PROJECT_VERSION = 1;
				DEVELOPMENT_ASSET_PATHS = "\"ChatAI/Preview Content\"";
				DEVELOPMENT_TEAM = 86DAHSTHXS;
				ENABLE_PREVIEWS = YES;
				GENERATE_INFOPLIST_FILE = YES;
				INFOPLIST_KEY_CFBundleDisplayName = "Dairy Market";
				INFOPLIST_KEY_LSApplicationCategoryType = "public.app-category.business";
				INFOPLIST_KEY_UIApplicationSceneManifest_Generation = YES;
				INFOPLIST_KEY_UIApplicationSupportsIndirectInputEvents = YES;
				INFOPLIST_KEY_UILaunchScreen_Generation = YES;
				INFOPLIST_KEY_UISupportedInterfaceOrientations_iPad = "UIInterfaceOrientationPortrait UIInterfaceOrientationPortraitUpsideDown UIInterfaceOrientationLandscapeLeft UIInterfaceOrientationLandscapeRight";
				INFOPLIST_KEY_UISupportedInterfaceOrientations_iPhone = "UIInterfaceOrientationPortrait UIInterfaceOrientationLandscapeLeft UIInterfaceOrientationLandscapeRight";
				INFOPLIST_KEY_UIUserInterfaceStyle = Light;
				LD_RUNPATH_SEARCH_PATHS = (
					"$(inherited)",
					"@executable_path/Frameworks",
				);
				MARKETING_VERSION = 1.0;
				PRODUCT_BUNDLE_IDENTIFIER = com.aniyah.ChatAI;
				PRODUCT_NAME = "$(TARGET_NAME)";
				SWIFT_EMIT_LOC_STRINGS = YES;
				SWIFT_VERSION = 5.0;
				TARGETED_DEVICE_FAMILY = "1,2";
			};
			name = Debug;
		};
		1AC094A5297AC64600022EF3 /* Release */ = {
			isa = XCBuildConfiguration;
			buildSettings = {
				ASSETCATALOG_COMPILER_APPICON_NAME = AppIcon;
				ASSETCATALOG_COMPILER_GLOBAL_ACCENT_COLOR_NAME = AccentColor;
				CODE_SIGN_STYLE = Automatic;
				CURRENT_PROJECT_VERSION = 1;
				DEVELOPMENT_ASSET_PATHS = "\"ChatAI/Preview Content\"";
				DEVELOPMENT_TEAM = 86DAHSTHXS;
				ENABLE_PREVIEWS = YES;
				GENERATE_INFOPLIST_FILE = YES;
				INFOPLIST_KEY_CFBundleDisplayName = "Dairy Market";
				INFOPLIST_KEY_LSApplicationCategoryType = "public.app-category.business";
				INFOPLIST_KEY_UIApplicationSceneManifest_Generation = YES;
				INFOPLIST_KEY_UIApplicationSupportsIndirectInputEvents = YES;
				INFOPLIST_KEY_UILaunchScreen_Generation = YES;
				INFOPLIST_KEY_UISupportedInterfaceOrientations_iPad = "UIInterfaceOrientationPortrait UIInterfaceOrientationPortraitUpsideDown UIInterfaceOrientationLandscapeLeft UIInterfaceOrientationLandscapeRight";
				INFOPLIST_KEY_UISupportedInterfaceOrientations_iPhone = "UIInterfaceOrientationPortrait UIInterfaceOrientationLandscapeLeft UIInterfaceOrientationLandscapeRight";
				INFOPLIST_KEY_UIUserInterfaceStyle = Light;
				LD_RUNPATH_SEARCH_PATHS = (
					"$(inherited)",
					"@executable_path/Frameworks",
				);
				MARKETING_VERSION = 1.0;
				PRODUCT_BUNDLE_IDENTIFIER = com.aniyah.ChatAI;
				PRODUCT_NAME = "$(TARGET_NAME)";
				SWIFT_EMIT_LOC_STRINGS = YES;
				SWIFT_VERSION = 5.0;
				TARGETED_DEVICE_FAMILY = "1,2";
			};
			name = Release;
		};
/* End XCBuildConfiguration section */

/* Begin XCConfigurationList section */
		1AC09490297AC64400022EF3 /* Build configuration list for PBXProject "ChatAI" */ = {
			isa = XCConfigurationList;
			buildConfigurations = (
				1AC094A1297AC64600022EF3 /* Debug */,
				1AC094A2297AC64600022EF3 /* Release */,
			);
			defaultConfigurationIsVisible = 0;
			defaultConfigurationName = Release;
		};
		1AC094A3297AC64600022EF3 /* Build configuration list for PBXNativeTarget "ChatAI" */ = {
			isa = XCConfigurationList;
			buildConfigurations = (
				1AC094A4297AC64600022EF3 /* Debug */,
				1AC094A5297AC64600022EF3 /* Release */,
			);
			defaultConfigurationIsVisible = 0;
			defaultConfigurationName = Release;
		};
/* End XCConfigurationList section */

/* Begin XCRemoteSwiftPackageReference section */
		1AC094A8297AC93600022EF3 /* XCRemoteSwiftPackageReference "Alamofire" */ = {
			isa = XCRemoteSwiftPackageReference;
			repositoryURL = "https://github.com/Alamofire/Alamofire.git";
			requirement = {
				kind = upToNextMajorVersion;
				minimumVersion = 5.0.0;
			};
		};
		A6B3256929A52F43005D2796 /* XCRemoteSwiftPackageReference "firebase-ios-sdk" */ = {
			isa = XCRemoteSwiftPackageReference;
			repositoryURL = "https://github.com/firebase/firebase-ios-sdk.git";
			requirement = {
				branch = master;
				kind = branch;
			};
		};
/* End XCRemoteSwiftPackageReference section */

/* Begin XCSwiftPackageProductDependency section */
		1AC094A9297AC93600022EF3 /* Alamofire */ = {
			isa = XCSwiftPackageProductDependency;
			package = 1AC094A8297AC93600022EF3 /* XCRemoteSwiftPackageReference "Alamofire" */;
			productName = Alamofire;
		};
		A6B3256A29A52F43005D2796 /* FirebaseAuth */ = {
			isa = XCSwiftPackageProductDependency;
			package = A6B3256929A52F43005D2796 /* XCRemoteSwiftPackageReference "firebase-ios-sdk" */;
			productName = FirebaseAuth;
		};
		A6B3256C29A52F43005D2796 /* FirebaseFirestore */ = {
			isa = XCSwiftPackageProductDependency;
			package = A6B3256929A52F43005D2796 /* XCRemoteSwiftPackageReference "firebase-ios-sdk" */;
			productName = FirebaseFirestore;
		};
/* End XCSwiftPackageProductDependency section */
	};
	rootObject = 1AC0948D297AC64400022EF3 /* Project object */;
}
